
Microsoft Visual Studio Solution File, Format Version 12.00
# Visual Studio Version 17
VisualStudioVersion = 17.9.34622.214
MinimumVisualStudioVersion = 10.0.40219.1
Project("{2150E333-8FDC-42A3-9474-1A3956D46DE8}") = "src", "src", "{85916AAE-8470-4680-AE5C-0A16F055C038}"
EndProject
Project("{2150E333-8FDC-42A3-9474-1A3956D46DE8}") = "API", "API", "{C67E7925-C56E-4C6C-B080-23F070726A04}"
EndProject
Project("{2150E333-8FDC-42A3-9474-1A3956D46DE8}") = "common", "common", "{FE64C206-0B9D-4B0B-84E6-782EA8C35229}"
EndProject
Project("{2150E333-8FDC-42A3-9474-1A3956D46DE8}") = "core", "core", "{0D38F732-5ACA-4A93-97A5-AFDBBC291DD0}"
EndProject
Project("{2150E333-8FDC-42A3-9474-1A3956D46DE8}") = "web", "web", "{DF6511D7-5B6B-4BAE-9D52-A4B3B19B2405}"
EndProject
Project("{9A19103F-16F7-4668-BE54-9A1E7A4F7556}") = "CreWin.Common", "src\common\CreWin.Common\CreWin.Common\CreWin.Common.csproj", "{D07689A7-36A5-4B9E-B558-15A35569913E}"
EndProject
Project("{9A19103F-16F7-4668-BE54-9A1E7A4F7556}") = "CreWin.Web", "src\web\CreWin.Web\CreWin.Web\CreWin.Web.csproj", "{220D03EC-A21D-4994-8F68-7E8414995131}"
EndProject
Project("{9A19103F-16F7-4668-BE54-9A1E7A4F7556}") = "CreWin.Entity", "src\core\CreWin.Entity\CreWin.Entity\CreWin.Entity.csproj", "{9A201FE4-1B5E-46A0-9110-6948DF4BA984}"
EndProject
Project("{9A19103F-16F7-4668-BE54-9A1E7A4F7556}") = "CreWin.Infrastructure", "src\core\CreWin.Infrastructure\CreWin.Infrastructure\CreWin.Infrastructure.csproj", "{625F4AD8-E061-4110-8CD6-9CD43882180D}"
EndProject
Project("{FAE04EC0-301F-11D3-BF4B-00C04F79EFBC}") = "creWin.API", "src\API\creWin.API\creWin.API\creWin.API.csproj", "{A1AA76AD-D368-4D02-8F09-55625F26F51B}"
EndProject
Global
	GlobalSection(SolutionConfigurationPlatforms) = preSolution
		Debug|Any CPU = Debug|Any CPU
		Release|Any CPU = Release|Any CPU
	EndGlobalSection
	GlobalSection(ProjectConfigurationPlatforms) = postSolution
		{D07689A7-36A5-4B9E-B558-15A35569913E}.Debug|Any CPU.ActiveCfg = Debug|Any CPU
		{D07689A7-36A5-4B9E-B558-15A35569913E}.Debug|Any CPU.Build.0 = Debug|Any CPU
		{D07689A7-36A5-4B9E-B558-15A35569913E}.Release|Any CPU.ActiveCfg = Release|Any CPU
		{D07689A7-36A5-4B9E-B558-15A35569913E}.Release|Any CPU.Build.0 = Release|Any CPU
		{220D03EC-A21D-4994-8F68-7E8414995131}.Debug|Any CPU.ActiveCfg = Debug|Any CPU
		{220D03EC-A21D-4994-8F68-7E8414995131}.Debug|Any CPU.Build.0 = Debug|Any CPU
		{220D03EC-A21D-4994-8F68-7E8414995131}.Release|Any CPU.ActiveCfg = Release|Any CPU
		{220D03EC-A21D-4994-8F68-7E8414995131}.Release|Any CPU.Build.0 = Release|Any CPU
		{9A201FE4-1B5E-46A0-9110-6948DF4BA984}.Debug|Any CPU.ActiveCfg = Debug|Any CPU
		{9A201FE4-1B5E-46A0-9110-6948DF4BA984}.Debug|Any CPU.Build.0 = Debug|Any CPU
		{9A201FE4-1B5E-46A0-9110-6948DF4BA984}.Release|Any CPU.ActiveCfg = Release|Any CPU
		{9A201FE4-1B5E-46A0-9110-6948DF4BA984}.Release|Any CPU.Build.0 = Release|Any CPU
		{625F4AD8-E061-4110-8CD6-9CD43882180D}.Debug|Any CPU.ActiveCfg = Debug|Any CPU
		{625F4AD8-E061-4110-8CD6-9CD43882180D}.Debug|Any CPU.Build.0 = Debug|Any CPU
		{625F4AD8-E061-4110-8CD6-9CD43882180D}.Release|Any CPU.ActiveCfg = Release|Any CPU
		{625F4AD8-E061-4110-8CD6-9CD43882180D}.Release|Any CPU.Build.0 = Release|Any CPU
		{A1AA76AD-D368-4D02-8F09-55625F26F51B}.Debug|Any CPU.ActiveCfg = Debug|Any CPU
		{A1AA76AD-D368-4D02-8F09-55625F26F51B}.Debug|Any CPU.Build.0 = Debug|Any CPU
		{A1AA76AD-D368-4D02-8F09-55625F26F51B}.Release|Any CPU.ActiveCfg = Release|Any CPU
		{A1AA76AD-D368-4D02-8F09-55625F26F51B}.Release|Any CPU.Build.0 = Release|Any CPU
	EndGlobalSection
	GlobalSection(SolutionProperties) = preSolution
		HideSolutionNode = FALSE
	EndGlobalSection
	GlobalSection(NestedProjects) = preSolution
		{C67E7925-C56E-4C6C-B080-23F070726A04} = {85916AAE-8470-4680-AE5C-0A16F055C038}
		{FE64C206-0B9D-4B0B-84E6-782EA8C35229} = {85916AAE-8470-4680-AE5C-0A16F055C038}
		{0D38F732-5ACA-4A93-97A5-AFDBBC291DD0} = {85916AAE-8470-4680-AE5C-0A16F055C038}
		{DF6511D7-5B6B-4BAE-9D52-A4B3B19B2405} = {85916AAE-8470-4680-AE5C-0A16F055C038}
		{D07689A7-36A5-4B9E-B558-15A35569913E} = {FE64C206-0B9D-4B0B-84E6-782EA8C35229}
		{220D03EC-A21D-4994-8F68-7E8414995131} = {DF6511D7-5B6B-4BAE-9D52-A4B3B19B2405}
		{9A201FE4-1B5E-46A0-9110-6948DF4BA984} = {0D38F732-5ACA-4A93-97A5-AFDBBC291DD0}
		{625F4AD8-E061-4110-8CD6-9CD43882180D} = {0D38F732-5ACA-4A93-97A5-AFDBBC291DD0}
		{A1AA76AD-D368-4D02-8F09-55625F26F51B} = {C67E7925-C56E-4C6C-B080-23F070726A04}
	EndGlobalSection
	GlobalSection(ExtensibilityGlobals) = postSolution
		SolutionGuid = {C6F822B5-8351-4EB1-9643-201A4F54618C}
	EndGlobalSection
EndGlobal
